{
  "name": "BITNATION-Panthalassa-TS-node-js-fs",
  "version": "1.0.0",
  "lockfileVersion": 1,
  "requires": true,
  "dependencies": {
    "BITNATION-Panthalassa-TS-fs-interface": {
      "version": "git+https://github.com/Bit-Nation/BITNATION-Panthalassa-TS-fs-interface.git#ee0e5c9d0382cf3880b125d0427f005da8ae6fce"
    }
  }
}
